
Microsoft Visual Studio Solution File, Format Version 12.00
# Visual Studio Version 17
VisualStudioVersion = 17.3.32929.385
MinimumVisualStudioVersion = 10.0.40219.1
Project("{FAE04EC0-301F-11D3-BF4B-00C04F79EFBC}") = "Project1", "Project1\Project1.csproj", "{15C5656F-6418-40B7-A2C1-9D2C77DC6376}"
EndProject
Project("{FAE04EC0-301F-11D3-BF4B-00C04F79EFBC}") = "Repository", "Repository\Repository.csproj", "{3E732147-D25B-4074-8B5D-24BE9A79A3D3}"
EndProject
Project("{FAE04EC0-301F-11D3-BF4B-00C04F79EFBC}") = "Common", "Common\Common.csproj", "{D6107CDF-4CE3-4575-8446-3FEAF2898FD3}"
EndProject
Project("{FAE04EC0-301F-11D3-BF4B-00C04F79EFBC}") = "DataContext", "DataContext\DataContext.csproj", "{33D719EF-B9CA-48F7-9F54-645E79669AC6}"
EndProject
Project("{FAE04EC0-301F-11D3-BF4B-00C04F79EFBC}") = "Service", "Service\Service.csproj", "{0959C8FE-8A70-416E-A41B-616E6F2EFF5A}"
EndProject
Global
	GlobalSection(SolutionConfigurationPlatforms) = preSolution
		Debug|Any CPU = Debug|Any CPU
		Release|Any CPU = Release|Any CPU
	EndGlobalSection
	GlobalSection(ProjectConfigurationPlatforms) = postSolution
		{15C5656F-6418-40B7-A2C1-9D2C77DC6376}.Debug|Any CPU.ActiveCfg = Debug|Any CPU
		{15C5656F-6418-40B7-A2C1-9D2C77DC6376}.Debug|Any CPU.Build.0 = Debug|Any CPU
		{15C5656F-6418-40B7-A2C1-9D2C77DC6376}.Release|Any CPU.ActiveCfg = Release|Any CPU
		{15C5656F-6418-40B7-A2C1-9D2C77DC6376}.Release|Any CPU.Build.0 = Release|Any CPU
		{3E732147-D25B-4074-8B5D-24BE9A79A3D3}.Debug|Any CPU.ActiveCfg = Debug|Any CPU
		{3E732147-D25B-4074-8B5D-24BE9A79A3D3}.Debug|Any CPU.Build.0 = Debug|Any CPU
		{3E732147-D25B-4074-8B5D-24BE9A79A3D3}.Release|Any CPU.ActiveCfg = Release|Any CPU
		{3E732147-D25B-4074-8B5D-24BE9A79A3D3}.Release|Any CPU.Build.0 = Release|Any CPU
		{D6107CDF-4CE3-4575-8446-3FEAF2898FD3}.Debug|Any CPU.ActiveCfg = Debug|Any CPU
		{D6107CDF-4CE3-4575-8446-3FEAF2898FD3}.Debug|Any CPU.Build.0 = Debug|Any CPU
		{D6107CDF-4CE3-4575-8446-3FEAF2898FD3}.Release|Any CPU.ActiveCfg = Release|Any CPU
		{D6107CDF-4CE3-4575-8446-3FEAF2898FD3}.Release|Any CPU.Build.0 = Release|Any CPU
		{33D719EF-B9CA-48F7-9F54-645E79669AC6}.Debug|Any CPU.ActiveCfg = Debug|Any CPU
		{33D719EF-B9CA-48F7-9F54-645E79669AC6}.Debug|Any CPU.Build.0 = Debug|Any CPU
		{33D719EF-B9CA-48F7-9F54-645E79669AC6}.Release|Any CPU.ActiveCfg = Release|Any CPU
		{33D719EF-B9CA-48F7-9F54-645E79669AC6}.Release|Any CPU.Build.0 = Release|Any CPU
		{0959C8FE-8A70-416E-A41B-616E6F2EFF5A}.Debug|Any CPU.ActiveCfg = Debug|Any CPU
		{0959C8FE-8A70-416E-A41B-616E6F2EFF5A}.Debug|Any CPU.Build.0 = Debug|Any CPU
		{0959C8FE-8A70-416E-A41B-616E6F2EFF5A}.Release|Any CPU.ActiveCfg = Release|Any CPU
		{0959C8FE-8A70-416E-A41B-616E6F2EFF5A}.Release|Any CPU.Build.0 = Release|Any CPU
	EndGlobalSection
	GlobalSection(SolutionProperties) = preSolution
		HideSolutionNode = FALSE
	EndGlobalSection
	GlobalSection(ExtensibilityGlobals) = postSolution
		SolutionGuid = {3CE9E70E-787A-4134-9870-0562A7D53619}
	EndGlobalSection
EndGlobal
